
Microsoft Visual Studio Solution File, Format Version 12.00
# Visual Studio Version 16
VisualStudioVersion = 16.0.29519.181
MinimumVisualStudioVersion = 10.0.40219.1
Project("{FAE04EC0-301F-11D3-BF4B-00C04F79EFBC}") = "Games", "Checkers\Games.csproj", "{5857C3D5-0390-4E26-95B3-E97EB9029446}"
EndProject
Project("{FAE04EC0-301F-11D3-BF4B-00C04F79EFBC}") = "Tests", "Tests\Tests.csproj", "{93A2670C-845E-4560-ACFF-BEAE385693AB}"
EndProject
Global
	GlobalSection(SolutionConfigurationPlatforms) = preSolution
		Debug|Any CPU = Debug|Any CPU
		Release|Any CPU = Release|Any CPU
	EndGlobalSection
	GlobalSection(ProjectConfigurationPlatforms) = postSolution
		{5857C3D5-0390-4E26-95B3-E97EB9029446}.Debug|Any CPU.ActiveCfg = Debug|Any CPU
		{5857C3D5-0390-4E26-95B3-E97EB9029446}.Debug|Any CPU.Build.0 = Debug|Any CPU
		{5857C3D5-0390-4E26-95B3-E97EB9029446}.Release|Any CPU.ActiveCfg = Release|Any CPU
		{5857C3D5-0390-4E26-95B3-E97EB9029446}.Release|Any CPU.Build.0 = Release|Any CPU
		{93A2670C-845E-4560-ACFF-BEAE385693AB}.Debug|Any CPU.ActiveCfg = Debug|Any CPU
		{93A2670C-845E-4560-ACFF-BEAE385693AB}.Debug|Any CPU.Build.0 = Debug|Any CPU
		{93A2670C-845E-4560-ACFF-BEAE385693AB}.Release|Any CPU.ActiveCfg = Release|Any CPU
		{93A2670C-845E-4560-ACFF-BEAE385693AB}.Release|Any CPU.Build.0 = Release|Any CPU
	EndGlobalSection
	GlobalSection(SolutionProperties) = preSolution
		HideSolutionNode = FALSE
	EndGlobalSection
	GlobalSection(ExtensibilityGlobals) = postSolution
		SolutionGuid = {B82CC446-878F-4382-A212-C4856D9E8883}
	EndGlobalSection
EndGlobal
